// !$*UTF8*$!
{
	archiveVersion = 1;
	classes = {
	};
	objectVersion = 46;
	objects = {

/* Begin PBXBuildFile section */
		916507D1BC0C77A0BE5290C6 /* libPods-sadas.a in Frameworks */ = {isa = PBXBuildFile; fileRef = D7F0400DCF9FFD24A3FD8416 /* libPods-sadas.a */; };
		D65C832D1F5BD55400E73246 /* main.m in Sources */ = {isa = PBXBuildFile; fileRef = D65C832C1F5BD55400E73246 /* main.m */; };
		D65C83301F5BD55400E73246 /* AppDelegate.m in Sources */ = {isa = PBXBuildFile; fileRef = D65C832F1F5BD55400E73246 /* AppDelegate.m */; };
		D65C83331F5BD55400E73246 /* ViewController.m in Sources */ = {isa = PBXBuildFile; fileRef = D65C83321F5BD55400E73246 /* ViewController.m */; };
		D65C83361F5BD55400E73246 /* Main.storyboard in Resources */ = {isa = PBXBuildFile; fileRef = D65C83341F5BD55400E73246 /* Main.storyboard */; };
		D65C83381F5BD55400E73246 /* Assets.xcassets in Resources */ = {isa = PBXBuildFile; fileRef = D65C83371F5BD55400E73246 /* Assets.xcassets */; };
		D65C833B1F5BD55400E73246 /* LaunchScreen.storyboard in Resources */ = {isa = PBXBuildFile; fileRef = D65C83391F5BD55400E73246 /* LaunchScreen.storyboard */; };
/* End PBXBuildFile section */

/* Begin PBXFileReference section */
		2A231F24F19B10FAE53A74E0 /* Pods-sadas.release.xcconfig */ = {isa = PBXFileReference; includeInIndex = 1; lastKnownFileType = text.xcconfig; name = "Pods-sadas.release.xcconfig"; path = "Pods/Target Support Files/Pods-sadas/Pods-sadas.release.xcconfig"; sourceTree = "<group>"; };
		BBB23EC3E4EFEA707213C19C /* Pods-sadas.debug.xcconfig */ = {isa = PBXFileReference; includeInIndex = 1; lastKnownFileType = text.xcconfig; name = "Pods-sadas.debug.xcconfig"; path = "Pods/Target Support Files/Pods-sadas/Pods-sadas.debug.xcconfig"; sourceTree = "<group>"; };
		D65C83281F5BD55400E73246 /* sadas.app */ = {isa = PBXFileReference; explicitFileType = wrapper.application; includeInIndex = 0; path = sadas.app; sourceTree = BUILT_PRODUCTS_DIR; };
		D65C832C1F5BD55400E73246 /* main.m */ = {isa = PBXFileReference; lastKnownFileType = sourcecode.c.objc; path = main.m; sourceTree = "<group>"; };
		D65C832E1F5BD55400E73246 /* AppDelegate.h */ = {isa = PBXFileReference; lastKnownFileType = sourcecode.c.h; path = AppDelegate.h; sourceTree = "<group>"; };
		D65C832F1F5BD55400E73246 /* AppDelegate.m */ = {isa = PBXFileReference; lastKnownFileType = sourcecode.c.objc; path = AppDelegate.m; sourceTree = "<group>"; };
		D65C83311F5BD55400E73246 /* ViewController.h */ = {isa = PBXFileReference; lastKnownFileType = sourcecode.c.h; path = ViewController.h; sourceTree = "<group>"; };
		D65C83321F5BD55400E73246 /* ViewController.m */ = {isa = PBXFileReference; lastKnownFileType = sourcecode.c.objc; path = ViewController.m; sourceTree = "<group>"; };
		D65C83351F5BD55400E73246 /* Base */ = {isa = PBXFileReference; lastKnownFileType = file.storyboard; name = Base; path = Base.lproj/Main.storyboard; sourceTree = "<group>"; };
		D65C83371F5BD55400E73246 /* Assets.xcassets */ = {isa = PBXFileReference; lastKnownFileType = folder.assetcatalog; path = Assets.xcassets; sourceTree = "<group>"; };
		D65C833A1F5BD55400E73246 /* Base */ = {isa = PBXFileReference; lastKnownFileType = file.storyboard; name = Base; path = Base.lproj/LaunchScreen.storyboard; sourceTree = "<group>"; };
		D65C833C1F5BD55400E73246 /* Info.plist */ = {isa = PBXFileReference; lastKnownFileType = text.plist.xml; path = Info.plist; sourceTree = "<group>"; };
		D7F0400DCF9FFD24A3FD8416 /* libPods-sadas.a */ = {isa = PBXFileReference; explicitFileType = archive.ar; includeInIndex = 0; path = "libPods-sadas.a"; sourceTree = BUILT_PRODUCTS_DIR; };
/* End PBXFileReference section */

/* Begin PBXFrameworksBuildPhase section */
		D65C83251F5BD55400E73246 /* Frameworks */ = {
			isa = PBXFrameworksBuildPhase;
			buildActionMask = 2147483647;
			files = (
				916507D1BC0C77A0BE5290C6 /* libPods-sadas.a in Frameworks */,
			);
			runOnlyForDeploymentPostprocessing = 0;
		};
/* End PBXFrameworksBuildPhase section */

/* Begin PBXGroup section */
		25C764D3FFFE08D870F67712 /* Pods */ = {
			isa = PBXGroup;
			children = (
				BBB23EC3E4EFEA707213C19C /* Pods-sadas.debug.xcconfig */,
				2A231F24F19B10FAE53A74E0 /* Pods-sadas.release.xcconfig */,
			);
			name = Pods;
			sourceTree = "<group>";
		};
		42C0BF4217197A13D78A256A /* Frameworks */ = {
			isa = PBXGroup;
			children = (
				D7F0400DCF9FFD24A3FD8416 /* libPods-sadas.a */,
			);
			name = Frameworks;
			sourceTree = "<group>";
		};
		D65C831F1F5BD55400E73246 = {
			isa = PBXGroup;
			children = (
				D65C832A1F5BD55400E73246 /* sadas */,
				D65C83291F5BD55400E73246 /* Products */,
				25C764D3FFFE08D870F67712 /* Pods */,
				42C0BF4217197A13D78A256A /* Frameworks */,
			);
			sourceTree = "<group>";
		};
		D65C83291F5BD55400E73246 /* Products */ = {
			isa = PBXGroup;
			children = (
				D65C83281F5BD55400E73246 /* sadas.app */,
			);
			name = Products;
			sourceTree = "<group>";
		};
		D65C832A1F5BD55400E73246 /* sadas */ = {
			isa = PBXGroup;
			children = (
				D65C832E1F5BD55400E73246 /* AppDelegate.h */,
				D65C832F1F5BD55400E73246 /* AppDelegate.m */,
				D65C83311F5BD55400E73246 /* ViewController.h */,
				D65C83321F5BD55400E73246 /* ViewController.m */,
				D65C83341F5BD55400E73246 /* Main.storyboard */,
				D65C83371F5BD55400E73246 /* Assets.xcassets */,
				D65C83391F5BD55400E73246 /* LaunchScreen.storyboard */,
				D65C833C1F5BD55400E73246 /* Info.plist */,
				D65C832B1F5BD55400E73246 /* Supporting Files */,
			);
			path = sadas;
			sourceTree = "<group>";
		};
		D65C832B1F5BD55400E73246 /* Supporting Files */ = {
			isa = PBXGroup;
			children = (
				D65C832C1F5BD55400E73246 /* main.m */,
			);
			name = "Supporting Files";
			sourceTree = "<group>";
		};
/* End PBXGroup section */

/* Begin PBXNativeTarget section */
		D65C83271F5BD55400E73246 /* sadas */ = {
			isa = PBXNativeTarget;
			buildConfigurationList = D65C833F1F5BD55400E73246 /* Build configuration list for PBXNativeTarget "sadas" */;
			buildPhases = (
				83AC37FC15CBB7F8C2041FAA /* [CP] Check Pods Manifest.lock */,
				D65C83241F5BD55400E73246 /* Sources */,
				D65C83251F5BD55400E73246 /* Frameworks */,
				D65C83261F5BD55400E73246 /* Resources */,
				17D0ED4F8F8701F981887E23 /* [CP] Embed Pods Frameworks */,
				E93BE477FC7752AF2A00E8AB /* [CP] Copy Pods Resources */,
			);
			buildRules = (
			);
			dependencies = (
			);
			name = sadas;
			productName = sadas;
			productReference = D65C83281F5BD55400E73246 /* sadas.app */;
			productType = "com.apple.product-type.application";
		};
/* End PBXNativeTarget section */

/* Begin PBXProject section */
		D65C83201F5BD55400E73246 /* Project object */ = {
			isa = PBXProject;
			attributes = {
				LastUpgradeCheck = 0820;
				ORGANIZATIONNAME = "秦榕";
				TargetAttributes = {
					D65C83271F5BD55400E73246 = {
						CreatedOnToolsVersion = 8.2.1;
						DevelopmentTeam = 7PJUU7699F;
						ProvisioningStyle = Automatic;
					};
				};
			};
			buildConfigurationList = D65C83231F5BD55400E73246 /* Build configuration list for PBXProject "sadas" */;
			compatibilityVersion = "Xcode 3.2";
			developmentRegion = English;
			hasScannedForEncodings = 0;
			knownRegions = (
				en,
				Base,
			);
			mainGroup = D65C831F1F5BD55400E73246;
			productRefGroup = D65C83291F5BD55400E73246 /* Products */;
			projectDirPath = "";
			projectRoot = "";
			targets = (
				D65C83271F5BD55400E73246 /* sadas */,
			);
		};
/* End PBXProject section */

/* Begin PBXResourcesBuildPhase section */
		D65C83261F5BD55400E73246 /* Resources */ = {
			isa = PBXResourcesBuildPhase;
			buildActionMask = 2147483647;
			files = (
				D65C833B1F5BD55400E73246 /* LaunchScreen.storyboard in Resources */,
				D65C83381F5BD55400E73246 /* Assets.xcassets in Resources */,
				D65C83361F5BD55400E73246 /* Main.storyboard in Resources */,
			);
			runOnlyForDeploymentPostprocessing = 0;
		};
/* End PBXResourcesBuildPhase section */

/* Begin PBXShellScriptBuildPhase section */
		17D0ED4F8F8701F981887E23 /* [CP] Embed Pods Frameworks */ = {
			isa = PBXShellScriptBuildPhase;
			buildActionMask = 2147483647;
			files = (
			);
			inputPaths = (
			);
			name = "[CP] Embed Pods Frameworks";
			outputPaths = (
			);
			runOnlyForDeploymentPostprocessing = 0;
			shellPath = /bin/sh;
			shellScript = "\"${SRCROOT}/Pods/Target Support Files/Pods-sadas/Pods-sadas-frameworks.sh\"\n";
			showEnvVarsInLog = 0;
		};
		83AC37FC15CBB7F8C2041FAA /* [CP] Check Pods Manifest.lock */ = {
			isa = PBXShellScriptBuildPhase;
			buildActionMask = 2147483647;
			files = (
			);
			inputPaths = (
			);
			name = "[CP] Check Pods Manifest.lock";
			outputPaths = (
			);
			runOnlyForDeploymentPostprocessing = 0;
			shellPath = /bin/sh;
			shellScript = "diff \"${PODS_PODFILE_DIR_PATH}/Podfile.lock\" \"${PODS_ROOT}/Manifest.lock\" > /dev/null\nif [ $? != 0 ] ; then\n    # print error to STDERR\n    echo \"error: The sandbox is not in sync with the Podfile.lock. Run 'pod install' or update your CocoaPods installation.\" >&2\n    exit 1\nfi\n";
			showEnvVarsInLog = 0;
		};
		E93BE477FC7752AF2A00E8AB /* [CP] Copy Pods Resources */ = {
			isa = PBXShellScriptBuildPhase;
			buildActionMask = 2147483647;
			files = (
			);
			inputPaths = (
			);
			name = "[CP] Copy Pods Resources";
			outputPaths = (
			);
			runOnlyForDeploymentPostprocessing = 0;
			shellPath = /bin/sh;
			shellScript = "\"${SRCROOT}/Pods/Target Support Files/Pods-sadas/Pods-sadas-resources.sh\"\n";
			showEnvVarsInLog = 0;
		};
/* End PBXShellScriptBuildPhase section */

/* Begin PBXSourcesBuildPhase section */
		D65C83241F5BD55400E73246 /* Sources */ = {
			isa = PBXSourcesBuildPhase;
			buildActionMask = 2147483647;
			files = (
				D65C83331F5BD55400E73246 /* ViewController.m in Sources */,
				D65C83301F5BD55400E73246 /* AppDelegate.m in Sources */,
				D65C832D1F5BD55400E73246 /* main.m in Sources */,
			);
			runOnlyForDeploymentPostprocessing = 0;
		};
/* End PBXSourcesBuildPhase section */

/* Begin PBXVariantGroup section */
		D65C83341F5BD55400E73246 /* Main.storyboard */ = {
			isa = PBXVariantGroup;
			children = (
				D65C83351F5BD55400E73246 /* Base */,
			);
			name = Main.storyboard;
			sourceTree = "<group>";
		};
		D65C83391F5BD55400E73246 /* LaunchScreen.storyboard */ = {
			isa = PBXVariantGroup;
			children = (
				D65C833A1F5BD55400E73246 /* Base */,
			);
			name = LaunchScreen.storyboard;
			sourceTree = "<group>";
		};
/* End PBXVariantGroup section */

/* Begin XCBuildConfiguration section */
		D65C833D1F5BD55400E73246 /* Debug */ = {
			isa = XCBuildConfiguration;
			buildSettings = {
				ALWAYS_SEARCH_USER_PATHS = NO;
				CLANG_ANALYZER_NONNULL = YES;
				CLANG_CXX_LANGUAGE_STANDARD = "gnu++0x";
				CLANG_CXX_LIBRARY = "libc++";
				CLANG_ENABLE_MODULES = YES;
				CLANG_ENABLE_OBJC_ARC = YES;
				CLANG_WARN_BOOL_CONVERSION = YES;
				CLANG_WARN_CONSTANT_CONVERSION = YES;
				CLANG_WARN_DIRECT_OBJC_ISA_USAGE = YES_ERROR;
				CLANG_WARN_DOCUMENTATION_COMMENTS = YES;
				CLANG_WARN_EMPTY_BODY = YES;
				CLANG_WARN_ENUM_CONVERSION = YES;
				CLANG_WARN_INFINITE_RECURSION = YES;
				CLANG_WARN_INT_CONVERSION = YES;
				CLANG_WARN_OBJC_ROOT_CLASS = YES_ERROR;
				CLANG_WARN_SUSPICIOUS_MOVE = YES;
				CLANG_WARN_UNREACHABLE_CODE = YES;
				CLANG_WARN__DUPLICATE_METHOD_MATCH = YES;
				"CODE_SIGN_IDENTITY[sdk=iphoneos*]" = "iPhone Developer";
				COPY_PHASE_STRIP = NO;
				DEBUG_INFORMATION_FORMAT = dwarf;
				ENABLE_STRICT_OBJC_MSGSEND = YES;
				ENABLE_TESTABILITY = YES;
				GCC_C_LANGUAGE_STANDARD = gnu99;
				GCC_DYNAMIC_NO_PIC = NO;
				GCC_NO_COMMON_BLOCKS = YES;
				GCC_OPTIMIZATION_LEVEL = 0;
				GCC_PREPROCESSOR_DEFINITIONS = (
					"DEBUG=1",
					"$(inherited)",
				);
				GCC_WARN_64_TO_32_BIT_CONVERSION = YES;
				GCC_WARN_ABOUT_RETURN_TYPE = YES_ERROR;
				GCC_WARN_UNDECLARED_SELECTOR = YES;
				GCC_WARN_UNINITIALIZED_AUTOS = YES_AGGRESSIVE;
				GCC_WARN_UNUSED_FUNCTION = YES;
				GCC_WARN_UNUSED_VARIABLE = YES;
				IPHONEOS_DEPLOYMENT_TARGET = 10.2;
				MTL_ENABLE_DEBUG_INFO = YES;
				ONLY_ACTIVE_ARCH = YES;
				SDKROOT = iphoneos;
			};
			name = Debug;
		};
		D65C833E1F5BD55400E73246 /* Release */ = {
			isa = XCBuildConfiguration;
			buildSettings = {
				ALWAYS_SEARCH_USER_PATHS = NO;
				CLANG_ANALYZER_NONNULL = YES;
				CLANG_CXX_LANGUAGE_STANDARD = "gnu++0x";
				CLANG_CXX_LIBRARY = "libc++";
				CLANG_ENABLE_MODULES = YES;
				CLANG_ENABLE_OBJC_ARC = YES;
				CLANG_WARN_BOOL_CONVERSION = YES;
				CLANG_WARN_CONSTANT_CONVERSION = YES;
				CLANG_WARN_DIRECT_OBJC_ISA_USAGE = YES_ERROR;
				CLANG_WARN_DOCUMENTATION_COMMENTS = YES;
				CLANG_WARN_EMPTY_BODY = YES;
				CLANG_WARN_ENUM_CONVERSION = YES;
				CLANG_WARN_INFINITE_RECURSION = YES;
				CLANG_WARN_INT_CONVERSION = YES;
				CLANG_WARN_OBJC_ROOT_CLASS = YES_ERROR;
				CLANG_WARN_SUSPICIOUS_MOVE = YES;
				CLANG_WARN_UNREACHABLE_CODE = YES;
				CLANG_WARN__DUPLICATE_METHOD_MATCH = YES;
				"CODE_SIGN_IDENTITY[sdk=iphoneos*]" = "iPhone Developer";
				COPY_PHASE_STRIP = NO;
				DEBUG_INFORMATION_FORMAT = "dwarf-with-dsym";
				ENABLE_NS_ASSERTIONS = NO;
				ENABLE_STRICT_OBJC_MSGSEND = YES;
				GCC_C_LANGUAGE_STANDARD = gnu99;
				GCC_NO_COMMON_BLOCKS = YES;
				GCC_WARN_64_TO_32_BIT_CONVERSION = YES;
				GCC_WARN_ABOUT_RETURN_TYPE = YES_ERROR;
				GCC_WARN_UNDECLARED_SELECTOR = YES;
				GCC_WARN_UNINITIALIZED_AUTOS = YES_AGGRESSIVE;
				GCC_WARN_UNUSED_FUNCTION = YES;
				GCC_WARN_UNUSED_VARIABLE = YES;
				IPHONEOS_DEPLOYMENT_TARGET = 10.2;
				MTL_ENABLE_DEBUG_INFO = NO;
				SDKROOT = iphoneos;
				VALIDATE_PRODUCT = YES;
			};
			name = Release;
		};
		D65C83401F5BD55400E73246 /* Debug */ = {
			isa = XCBuildConfiguration;
			baseConfigurationReference = BBB23EC3E4EFEA707213C19C /* Pods-sadas.debug.xcconfig */;
			buildSettings = {
				ASSETCATALOG_COMPILER_APPICON_NAME = AppIcon;
				DEVELOPMENT_TEAM = 7PJUU7699F;
				INFOPLIST_FILE = sadas/Info.plist;
				LD_RUNPATH_SEARCH_PATHS = "$(inherited) @executable_path/Frameworks";
				PRODUCT_BUNDLE_IDENTIFIER = "--.sadas";
				PRODUCT_NAME = "$(TARGET_NAME)";
			};
			name = Debug;
		};
		D65C83411F5BD55400E73246 /* Release */ = {
			isa = XCBuildConfiguration;
			baseConfigurationReference = 2A231F24F19B10FAE53A74E0 /* Pods-sadas.release.xcconfig */;
			buildSettings = {
				ASSETCATALOG_COMPILER_APPICON_NAME = AppIcon;
				DEVELOPMENT_TEAM = 7PJUU7699F;
				INFOPLIST_FILE = sadas/Info.plist;
				LD_RUNPATH_SEARCH_PATHS = "$(inherited) @executable_path/Frameworks";
				PRODUCT_BUNDLE_IDENTIFIER = "--.sadas";
				PRODUCT_NAME = "$(TARGET_NAME)";
			};
			name = Release;
		};
/* End XCBuildConfiguration section */

/* Begin XCConfigurationList section */
		D65C83231F5BD55400E73246 /* Build configuration list for PBXProject "sadas" */ = {
			isa = XCConfigurationList;
			buildConfigurations = (
				D65C833D1F5BD55400E73246 /* Debug */,
				D65C833E1F5BD55400E73246 /* Release */,
			);
			defaultConfigurationIsVisible = 0;
			defaultConfigurationName = Release;
		};
		D65C833F1F5BD55400E73246 /* Build configuration list for PBXNativeTarget "sadas" */ = {
			isa = XCConfigurationList;
			buildConfigurations = (
				D65C83401F5BD55400E73246 /* Debug */,
				D65C83411F5BD55400E73246 /* Release */,
			);
			defaultConfigurationIsVisible = 0;
		};
/* End XCConfigurationList section */
	};
	rootObject = D65C83201F5BD55400E73246 /* Project object */;
}
